// !$*UTF8*$!
{
	archiveVersion = 1;
	classes = {
	};
	objectVersion = 46;
	objects = {

/* Begin PBXBuildFile section */
		440831501E3808EE00A421F8 /* PassGenInitialViewController.swift in Sources */ = {isa = PBXBuildFile; fileRef = 4408314F1E3808EE00A421F8 /* PassGenInitialViewController.swift */; };
		441FD4FA1E3853FD003FF609 /* PassGenPopoverVC.swift in Sources */ = {isa = PBXBuildFile; fileRef = 441FD4F91E3853FD003FF609 /* PassGenPopoverVC.swift */; };
		446611A11E41051000ABB6D5 /* PassGenEntry.swift in Sources */ = {isa = PBXBuildFile; fileRef = 446611A01E41051000ABB6D5 /* PassGenEntry.swift */; };
		447ECBC41E38224600789D8C /* PassGenOptionsViewController.swift in Sources */ = {isa = PBXBuildFile; fileRef = 447ECBC31E38224600789D8C /* PassGenOptionsViewController.swift */; };
		44EEA5981E4069D000861B3C /* PassGenUtils.swift in Sources */ = {isa = PBXBuildFile; fileRef = 44EEA5971E4069D000861B3C /* PassGenUtils.swift */; };
		44FF91091E37F09600AC355C /* AppDelegate.swift in Sources */ = {isa = PBXBuildFile; fileRef = 44FF91081E37F09600AC355C /* AppDelegate.swift */; };
		44FF910B1E37F09600AC355C /* PassGenViewController.swift in Sources */ = {isa = PBXBuildFile; fileRef = 44FF910A1E37F09600AC355C /* PassGenViewController.swift */; };
		44FF910E1E37F09600AC355C /* Main.storyboard in Resources */ = {isa = PBXBuildFile; fileRef = 44FF910C1E37F09600AC355C /* Main.storyboard */; };
		44FF91101E37F09600AC355C /* Assets.xcassets in Resources */ = {isa = PBXBuildFile; fileRef = 44FF910F1E37F09600AC355C /* Assets.xcassets */; };
		44FF91131E37F09600AC355C /* LaunchScreen.storyboard in Resources */ = {isa = PBXBuildFile; fileRef = 44FF91111E37F09600AC355C /* LaunchScreen.storyboard */; };
		44FF911B1E3805EF00AC355C /* PassGenTableViewCell.swift in Sources */ = {isa = PBXBuildFile; fileRef = 44FF911A1E3805EF00AC355C /* PassGenTableViewCell.swift */; };
		44FF911D1E38060F00AC355C /* PassGenTableViewController.swift in Sources */ = {isa = PBXBuildFile; fileRef = 44FF911C1E38060F00AC355C /* PassGenTableViewController.swift */; };
/* End PBXBuildFile section */

/* Begin PBXFileReference section */
		4408314F1E3808EE00A421F8 /* PassGenInitialViewController.swift */ = {isa = PBXFileReference; fileEncoding = 4; lastKnownFileType = sourcecode.swift; path = PassGenInitialViewController.swift; sourceTree = "<group>"; };
		441FD4F91E3853FD003FF609 /* PassGenPopoverVC.swift */ = {isa = PBXFileReference; fileEncoding = 4; lastKnownFileType = sourcecode.swift; path = PassGenPopoverVC.swift; sourceTree = "<group>"; };
		446611A01E41051000ABB6D5 /* PassGenEntry.swift */ = {isa = PBXFileReference; fileEncoding = 4; lastKnownFileType = sourcecode.swift; path = PassGenEntry.swift; sourceTree = "<group>"; };
		447ECBC31E38224600789D8C /* PassGenOptionsViewController.swift */ = {isa = PBXFileReference; fileEncoding = 4; lastKnownFileType = sourcecode.swift; path = PassGenOptionsViewController.swift; sourceTree = "<group>"; };
		44EEA5971E4069D000861B3C /* PassGenUtils.swift */ = {isa = PBXFileReference; fileEncoding = 4; lastKnownFileType = sourcecode.swift; path = PassGenUtils.swift; sourceTree = "<group>"; };
		44FF91051E37F09600AC355C /* PassGen.app */ = {isa = PBXFileReference; explicitFileType = wrapper.application; includeInIndex = 0; path = PassGen.app; sourceTree = BUILT_PRODUCTS_DIR; };
		44FF91081E37F09600AC355C /* AppDelegate.swift */ = {isa = PBXFileReference; lastKnownFileType = sourcecode.swift; path = AppDelegate.swift; sourceTree = "<group>"; };
		44FF910A1E37F09600AC355C /* PassGenViewController.swift */ = {isa = PBXFileReference; lastKnownFileType = sourcecode.swift; path = PassGenViewController.swift; sourceTree = "<group>"; };
		44FF910D1E37F09600AC355C /* Base */ = {isa = PBXFileReference; lastKnownFileType = file.storyboard; name = Base; path = Base.lproj/Main.storyboard; sourceTree = "<group>"; };
		44FF910F1E37F09600AC355C /* Assets.xcassets */ = {isa = PBXFileReference; lastKnownFileType = folder.assetcatalog; path = Assets.xcassets; sourceTree = "<group>"; };
		44FF91121E37F09600AC355C /* Base */ = {isa = PBXFileReference; lastKnownFileType = file.storyboard; name = Base; path = Base.lproj/LaunchScreen.storyboard; sourceTree = "<group>"; };
		44FF91141E37F09600AC355C /* Info.plist */ = {isa = PBXFileReference; lastKnownFileType = text.plist.xml; path = Info.plist; sourceTree = "<group>"; };
		44FF911A1E3805EF00AC355C /* PassGenTableViewCell.swift */ = {isa = PBXFileReference; fileEncoding = 4; lastKnownFileType = sourcecode.swift; path = PassGenTableViewCell.swift; sourceTree = "<group>"; };
		44FF911C1E38060F00AC355C /* PassGenTableViewController.swift */ = {isa = PBXFileReference; fileEncoding = 4; lastKnownFileType = sourcecode.swift; path = PassGenTableViewController.swift; sourceTree = "<group>"; };
/* End PBXFileReference section */

/* Begin PBXFrameworksBuildPhase section */
		44FF91021E37F09500AC355C /* Frameworks */ = {
			isa = PBXFrameworksBuildPhase;
			buildActionMask = 2147483647;
			files = (
			);
			runOnlyForDeploymentPostprocessing = 0;
		};
/* End PBXFrameworksBuildPhase section */

/* Begin PBXGroup section */
		44FF90FC1E37F09500AC355C = {
			isa = PBXGroup;
			children = (
				44FF91071E37F09600AC355C /* PassGen */,
				44FF91061E37F09600AC355C /* Products */,
			);
			sourceTree = "<group>";
		};
		44FF91061E37F09600AC355C /* Products */ = {
			isa = PBXGroup;
			children = (
				44FF91051E37F09600AC355C /* PassGen.app */,
			);
			name = Products;
			sourceTree = "<group>";
		};
		44FF91071E37F09600AC355C /* PassGen */ = {
			isa = PBXGroup;
			children = (
				44FF91081E37F09600AC355C /* AppDelegate.swift */,
				4408314F1E3808EE00A421F8 /* PassGenInitialViewController.swift */,
				44EEA5971E4069D000861B3C /* PassGenUtils.swift */,
				44FF911C1E38060F00AC355C /* PassGenTableViewController.swift */,
				446611A01E41051000ABB6D5 /* PassGenEntry.swift */,
				44FF911A1E3805EF00AC355C /* PassGenTableViewCell.swift */,
				44FF910A1E37F09600AC355C /* PassGenViewController.swift */,
				447ECBC31E38224600789D8C /* PassGenOptionsViewController.swift */,
				441FD4F91E3853FD003FF609 /* PassGenPopoverVC.swift */,
				44FF910C1E37F09600AC355C /* Main.storyboard */,
				44FF910F1E37F09600AC355C /* Assets.xcassets */,
				44FF91111E37F09600AC355C /* LaunchScreen.storyboard */,
				44FF91141E37F09600AC355C /* Info.plist */,
			);
			path = PassGen;
			sourceTree = "<group>";
		};
/* End PBXGroup section */

/* Begin PBXNativeTarget section */
		44FF91041E37F09500AC355C /* PassGen */ = {
			isa = PBXNativeTarget;
			buildConfigurationList = 44FF91171E37F09600AC355C /* Build configuration list for PBXNativeTarget "PassGen" */;
			buildPhases = (
				44FF91011E37F09500AC355C /* Sources */,
				44FF91021E37F09500AC355C /* Frameworks */,
				44FF91031E37F09500AC355C /* Resources */,
			);
			buildRules = (
			);
			dependencies = (
			);
			name = PassGen;
			productName = PassGen;
			productReference = 44FF91051E37F09600AC355C /* PassGen.app */;
			productType = "com.apple.product-type.application";
		};
/* End PBXNativeTarget section */

/* Begin PBXProject section */
		44FF90FD1E37F09500AC355C /* Project object */ = {
			isa = PBXProject;
			attributes = {
				LastSwiftUpdateCheck = 0820;
				LastUpgradeCheck = 0820;
				ORGANIZATIONNAME = "Ōmagatoki";
				TargetAttributes = {
					44FF91041E37F09500AC355C = {
						CreatedOnToolsVersion = 8.2;
						DevelopmentTeam = 8678G77WJ7;
						ProvisioningStyle = Automatic;
					};
				};
			};
			buildConfigurationList = 44FF91001E37F09500AC355C /* Build configuration list for PBXProject "PassGen" */;
			compatibilityVersion = "Xcode 3.2";
			developmentRegion = English;
			hasScannedForEncodings = 0;
			knownRegions = (
				en,
				Base,
			);
			mainGroup = 44FF90FC1E37F09500AC355C;
			productRefGroup = 44FF91061E37F09600AC355C /* Products */;
			projectDirPath = "";
			projectRoot = "";
			targets = (
				44FF91041E37F09500AC355C /* PassGen */,
			);
		};
/* End PBXProject section */

/* Begin PBXResourcesBuildPhase section */
		44FF91031E37F09500AC355C /* Resources */ = {
			isa = PBXResourcesBuildPhase;
			buildActionMask = 2147483647;
			files = (
				44FF91131E37F09600AC355C /* LaunchScreen.storyboard in Resources */,
				44FF91101E37F09600AC355C /* Assets.xcassets in Resources */,
				44FF910E1E37F09600AC355C /* Main.storyboard in Resources */,
			);
			runOnlyForDeploymentPostprocessing = 0;
		};
/* End PBXResourcesBuildPhase section */

/* Begin PBXSourcesBuildPhase section */
		44FF91011E37F09500AC355C /* Sources */ = {
			isa = PBXSourcesBuildPhase;
			buildActionMask = 2147483647;
			files = (
				446611A11E41051000ABB6D5 /* PassGenEntry.swift in Sources */,
				441FD4FA1E3853FD003FF609 /* PassGenPopoverVC.swift in Sources */,
				44FF910B1E37F09600AC355C /* PassGenViewController.swift in Sources */,
				447ECBC41E38224600789D8C /* PassGenOptionsViewController.swift in Sources */,
				44FF91091E37F09600AC355C /* AppDelegate.swift in Sources */,
				440831501E3808EE00A421F8 /* PassGenInitialViewController.swift in Sources */,
				44FF911D1E38060F00AC355C /* PassGenTableViewController.swift in Sources */,
				44FF911B1E3805EF00AC355C /* PassGenTableViewCell.swift in Sources */,
				44EEA5981E4069D000861B3C /* PassGenUtils.swift in Sources */,
			);
			runOnlyForDeploymentPostprocessing = 0;
		};
/* End PBXSourcesBuildPhase section */

/* Begin PBXVariantGroup section */
		44FF910C1E37F09600AC355C /* Main.storyboard */ = {
			isa = PBXVariantGroup;
			children = (
				44FF910D1E37F09600AC355C /* Base */,
			);
			name = Main.storyboard;
			sourceTree = "<group>";
		};
		44FF91111E37F09600AC355C /* LaunchScreen.storyboard */ = {
			isa = PBXVariantGroup;
			children = (
				44FF91121E37F09600AC355C /* Base */,
			);
			name = LaunchScreen.storyboard;
			sourceTree = "<group>";
		};
/* End PBXVariantGroup section */

/* Begin XCBuildConfiguration section */
		44FF91151E37F09600AC355C /* Debug */ = {
			isa = XCBuildConfiguration;
			buildSettings = {
				ALWAYS_SEARCH_USER_PATHS = NO;
				CLANG_ANALYZER_NONNULL = YES;
				CLANG_CXX_LANGUAGE_STANDARD = "gnu++0x";
				CLANG_CXX_LIBRARY = "libc++";
				CLANG_ENABLE_MODULES = YES;
				CLANG_ENABLE_OBJC_ARC = YES;
				CLANG_WARN_BOOL_CONVERSION = YES;
				CLANG_WARN_CONSTANT_CONVERSION = YES;
				CLANG_WARN_DIRECT_OBJC_ISA_USAGE = YES_ERROR;
				CLANG_WARN_DOCUMENTATION_COMMENTS = YES;
				CLANG_WARN_EMPTY_BODY = YES;
				CLANG_WARN_ENUM_CONVERSION = YES;
				CLANG_WARN_INFINITE_RECURSION = YES;
				CLANG_WARN_INT_CONVERSION = YES;
				CLANG_WARN_OBJC_ROOT_CLASS = YES_ERROR;
				CLANG_WARN_SUSPICIOUS_MOVE = YES;
				CLANG_WARN_UNREACHABLE_CODE = YES;
				CLANG_WARN__DUPLICATE_METHOD_MATCH = YES;
				"CODE_SIGN_IDENTITY[sdk=iphoneos*]" = "iPhone Developer";
				COPY_PHASE_STRIP = NO;
				DEBUG_INFORMATION_FORMAT = dwarf;
				ENABLE_STRICT_OBJC_MSGSEND = YES;
				ENABLE_TESTABILITY = YES;
				GCC_C_LANGUAGE_STANDARD = gnu99;
				GCC_DYNAMIC_NO_PIC = NO;
				GCC_NO_COMMON_BLOCKS = YES;
				GCC_OPTIMIZATION_LEVEL = 0;
				GCC_PREPROCESSOR_DEFINITIONS = (
					"DEBUG=1",
					"$(inherited)",
				);
				GCC_WARN_64_TO_32_BIT_CONVERSION = YES;
				GCC_WARN_ABOUT_RETURN_TYPE = YES_ERROR;
				GCC_WARN_UNDECLARED_SELECTOR = YES;
				GCC_WARN_UNINITIALIZED_AUTOS = YES_AGGRESSIVE;
				GCC_WARN_UNUSED_FUNCTION = YES;
				GCC_WARN_UNUSED_VARIABLE = YES;
				IPHONEOS_DEPLOYMENT_TARGET = 10.2;
				MTL_ENABLE_DEBUG_INFO = YES;
				ONLY_ACTIVE_ARCH = YES;
				SDKROOT = iphoneos;
				SWIFT_ACTIVE_COMPILATION_CONDITIONS = DEBUG;
				SWIFT_OPTIMIZATION_LEVEL = "-Onone";
				TARGETED_DEVICE_FAMILY = "1,2";
			};
			name = Debug;
		};
		44FF91161E37F09600AC355C /* Release */ = {
			isa = XCBuildConfiguration;
			buildSettings = {
				ALWAYS_SEARCH_USER_PATHS = NO;
				CLANG_ANALYZER_NONNULL = YES;
				CLANG_CXX_LANGUAGE_STANDARD = "gnu++0x";
				CLANG_CXX_LIBRARY = "libc++";
				CLANG_ENABLE_MODULES = YES;
				CLANG_ENABLE_OBJC_ARC = YES;
				CLANG_WARN_BOOL_CONVERSION = YES;
				CLANG_WARN_CONSTANT_CONVERSION = YES;
				CLANG_WARN_DIRECT_OBJC_ISA_USAGE = YES_ERROR;
				CLANG_WARN_DOCUMENTATION_COMMENTS = YES;
				CLANG_WARN_EMPTY_BODY = YES;
				CLANG_WARN_ENUM_CONVERSION = YES;
				CLANG_WARN_INFINITE_RECURSION = YES;
				CLANG_WARN_INT_CONVERSION = YES;
				CLANG_WARN_OBJC_ROOT_CLASS = YES_ERROR;
				CLANG_WARN_SUSPICIOUS_MOVE = YES;
				CLANG_WARN_UNREACHABLE_CODE = YES;
				CLANG_WARN__DUPLICATE_METHOD_MATCH = YES;
				"CODE_SIGN_IDENTITY[sdk=iphoneos*]" = "iPhone Developer";
				COPY_PHASE_STRIP = NO;
				DEBUG_INFORMATION_FORMAT = "dwarf-with-dsym";
				ENABLE_NS_ASSERTIONS = NO;
				ENABLE_STRICT_OBJC_MSGSEND = YES;
				GCC_C_LANGUAGE_STANDARD = gnu99;
				GCC_NO_COMMON_BLOCKS = YES;
				GCC_WARN_64_TO_32_BIT_CONVERSION = YES;
				GCC_WARN_ABOUT_RETURN_TYPE = YES_ERROR;
				GCC_WARN_UNDECLARED_SELECTOR = YES;
				GCC_WARN_UNINITIALIZED_AUTOS = YES_AGGRESSIVE;
				GCC_WARN_UNUSED_FUNCTION = YES;
				GCC_WARN_UNUSED_VARIABLE = YES;
				IPHONEOS_DEPLOYMENT_TARGET = 10.2;
				MTL_ENABLE_DEBUG_INFO = NO;
				SDKROOT = iphoneos;
				SWIFT_OPTIMIZATION_LEVEL = "-Owholemodule";
				TARGETED_DEVICE_FAMILY = "1,2";
				VALIDATE_PRODUCT = YES;
			};
			name = Release;
		};
		44FF91181E37F09600AC355C /* Debug */ = {
			isa = XCBuildConfiguration;
			buildSettings = {
				ASSETCATALOG_COMPILER_APPICON_NAME = AppIcon;
				DEVELOPMENT_TEAM = 8678G77WJ7;
				INFOPLIST_FILE = PassGen/Info.plist;
				LD_RUNPATH_SEARCH_PATHS = "$(inherited) @executable_path/Frameworks";
				PRODUCT_BUNDLE_IDENTIFIER = ranger.lily.PassGen;
				PRODUCT_NAME = "$(TARGET_NAME)";
				SWIFT_VERSION = 3.0;
			};
			name = Debug;
		};
		44FF91191E37F09600AC355C /* Release */ = {
			isa = XCBuildConfiguration;
			buildSettings = {
				ASSETCATALOG_COMPILER_APPICON_NAME = AppIcon;
				DEVELOPMENT_TEAM = 8678G77WJ7;
				INFOPLIST_FILE = PassGen/Info.plist;
				LD_RUNPATH_SEARCH_PATHS = "$(inherited) @executable_path/Frameworks";
				PRODUCT_BUNDLE_IDENTIFIER = ranger.lily.PassGen;
				PRODUCT_NAME = "$(TARGET_NAME)";
				SWIFT_VERSION = 3.0;
			};
			name = Release;
		};
/* End XCBuildConfiguration section */

/* Begin XCConfigurationList section */
		44FF91001E37F09500AC355C /* Build configuration list for PBXProject "PassGen" */ = {
			isa = XCConfigurationList;
			buildConfigurations = (
				44FF91151E37F09600AC355C /* Debug */,
				44FF91161E37F09600AC355C /* Release */,
			);
			defaultConfigurationIsVisible = 0;
			defaultConfigurationName = Release;
		};
		44FF91171E37F09600AC355C /* Build configuration list for PBXNativeTarget "PassGen" */ = {
			isa = XCConfigurationList;
			buildConfigurations = (
				44FF91181E37F09600AC355C /* Debug */,
				44FF91191E37F09600AC355C /* Release */,
			);
			defaultConfigurationIsVisible = 0;
			defaultConfigurationName = Release;
		};
/* End XCConfigurationList section */
	};
	rootObject = 44FF90FD1E37F09500AC355C /* Project object */;
}
